// !$*UTF8*$!
{
	archiveVersion = 1;
	classes = {
	};
	objectVersion = 46;
	objects = {
/* Begin PBXBuildFile section */
		0207DA581B56EA530066E2B4 /* Images.xcassets in Resources */ = {isa = PBXBuildFile; fileRef = 0207DA571B56EA530066E2B4 /* Images.xcassets */; };
		1D3623260D0F684500981E51 /* AppDelegate.m in Sources */ = {isa = PBXBuildFile; fileRef = 1D3623250D0F684500981E51 /* AppDelegate.m */; };
		1D60589B0D05DD56006BFB54 /* main.m in Sources */ = {isa = PBXBuildFile; fileRef = 29B97316FDCFA39411CA2CEA /* main.m */; };
		301BF552109A68D80062928A /* libCordova.a in Frameworks */ = {isa = PBXBuildFile; fileRef = 301BF535109A57CC0062928A /* libCordova.a */; };
		302D95F114D2391D003F00A1 /* MainViewController.m in Sources */ = {isa = PBXBuildFile; fileRef = 302D95EF14D2391D003F00A1 /* MainViewController.m */; };
		302D95F214D2391D003F00A1 /* MainViewController.xib in Resources */ = {isa = PBXBuildFile; fileRef = 302D95F014D2391D003F00A1 /* MainViewController.xib */; };
		3047A5121AB8059700498E2A /* build-debug.xcconfig in Resources */ = {isa = PBXBuildFile; fileRef = 3047A50F1AB8059700498E2A /* build-debug.xcconfig */; };
		3047A5131AB8059700498E2A /* build-release.xcconfig in Resources */ = {isa = PBXBuildFile; fileRef = 3047A5101AB8059700498E2A /* build-release.xcconfig */; };
		3047A5141AB8059700498E2A /* build.xcconfig in Resources */ = {isa = PBXBuildFile; fileRef = 3047A5111AB8059700498E2A /* build.xcconfig */; };
		6AFF5BF91D6E424B00AB3073 /* CDVLaunchScreen.storyboard in Resources */ = {isa = PBXBuildFile; fileRef = 6AFF5BF81D6E424B00AB3073 /* CDVLaunchScreen.storyboard */; };
		74C03472C5314F89B3CF83A7 /* CDVDevice.m in Sources */ = {isa = PBXBuildFile; fileRef = 5ABCC7787A264F30A52E8C02 /* CDVDevice.m */; };
		A6472539CA694E50BC663387 /* CDVInAppBrowser.m in Sources */ = {isa = PBXBuildFile; fileRef = FBB4F523FA9D4B08B18CA44E /* CDVInAppBrowser.m */; };
		72A2E4ED16794F099AD90CE4 /* CDVSplashScreen.m in Sources */ = {isa = PBXBuildFile; fileRef = 8D53DC909A55437E8D091399 /* CDVSplashScreen.m */; };
		CF09A7FD98C64E769136AEE9 /* CDVViewController+SplashScreen.m in Sources */ = {isa = PBXBuildFile; fileRef = 43EAD207177147028FC64221 /* CDVViewController+SplashScreen.m */; };
		7921BEA242F44A5D820C3B10 /* CDVStatusBar.m in Sources */ = {isa = PBXBuildFile; fileRef = 54493636815941ABAEBA1B6B /* CDVStatusBar.m */; };
		08D3FA4DCE3D4546AC1B831F /* SQLitePlugin.m in Sources */ = {isa = PBXBuildFile; fileRef = 84067753A8F74BCC98233120 /* SQLitePlugin.m */; };
		61DBCD7210774259B28572BB /* sqlite3.c in Resources */ = {isa = PBXBuildFile; fileRef = 0AE202D8E9324921B0B370C0 /* sqlite3.c */; settings = {COMPILER_FLAGS = "-DSQLITE_THREADSAFE=1 -DSQLITE_DEFAULT_MEMSTATUS=0 -DSQLITE_OMIT_DECLTYPE -DSQLITE_OMIT_DEPRECATED -DSQLITE_OMIT_PROGRESS_CALLBACK -DSQLITE_OMIT_SHARED_CACHE -DSQLITE_TEMP_STORE=2 -DSQLITE_OMIT_LOAD_EXTENSION -DSQLITE_ENABLE_FTS3 -DSQLITE_ENABLE_FTS3_PARENTHESIS -DSQLITE_ENABLE_FTS4 -DSQLITE_ENABLE_RTREE -DSQLITE_DEFAULT_PAGE_SIZE=1024 -DSQLITE_DEFAULT_CACHE_SIZE=2000"; }; };
		D3C0A63951654B8890FDE3B8 /* IonicKeyboard.m in Sources */ = {isa = PBXBuildFile; fileRef = 5E102DF4DED34822878C58C7 /* IonicKeyboard.m */; };
		740EDF508AEF4DCD8242A2DD /* CBTBrowserTab.m in Sources */ = {isa = PBXBuildFile; fileRef = 5FA70C5C1CD340D486493524 /* CBTBrowserTab.m */; };
		062FACE5B9A2489D8F5B07E5 /* SafariServices.framework in Frameworks */ = {isa = PBXBuildFile; fileRef = 83867F4F48BF4B97B06C8730 /* SafariServices.framework */; settings = {ATTRIBUTES = (Weak, ); }; };
		BAB828DFFB3041089A6F88C6 /* CDVConnection.m in Sources */ = {isa = PBXBuildFile; fileRef = F52AD3BA25064146A32F86F9 /* CDVConnection.m */; };
		E674E68DD33E4171988801AF /* CDVReachability.m in Sources */ = {isa = PBXBuildFile; fileRef = CA9D331D85C0434E882A7ACE /* CDVReachability.m */; };
		2140104E450547D3BE81ADED /* CoreTelephony.framework in Frameworks */ = {isa = PBXBuildFile; fileRef = EC5EC7B29AF04F29AB7328B4 /* CoreTelephony.framework */; };
		FC5968981D9B4C9FA13F8D00 /* CDVClipboard.m in Sources */ = {isa = PBXBuildFile; fileRef = 03F034245B0C42DAA86E1021 /* CDVClipboard.m */; };
		2F660742C901469FA995944E /* CDVLocation.m in Sources */ = {isa = PBXBuildFile; fileRef = 31E671CF90834967A773796E /* CDVLocation.m */; };
		71E5BC191BDA4D40BE1C5753 /* GoogleMaps.bundle in Resources */ = {isa = PBXBuildFile; fileRef = 51A796E6A2C548A598CA87AF /* GoogleMaps.bundle */; };
		973F9B0B1036409EBA512284 /* Accelerate.framework in Frameworks */ = {isa = PBXBuildFile; fileRef = A4F50C6E50834F129636FF7D /* Accelerate.framework */; };
		9A9310DC73FA4B85AC667E86 /* CoreData.framework in Frameworks */ = {isa = PBXBuildFile; fileRef = 5C40CE1A0A5B453ABC81D43A /* CoreData.framework */; };
		16746A4E9823422DA4314F95 /* CoreLocation.framework in Frameworks */ = {isa = PBXBuildFile; fileRef = 58D3A28090154F37B1CD72FC /* CoreLocation.framework */; };
		F5207C70FF10460FAC27CFE9 /* CoreText.framework in Frameworks */ = {isa = PBXBuildFile; fileRef = 57DAF4A0CDA441B084EB3F01 /* CoreText.framework */; };
		637558C2D7974A5A9000741C /* GLKit.framework in Frameworks */ = {isa = PBXBuildFile; fileRef = FE41BEFA337D431182180ABD /* GLKit.framework */; };
		EDA198912DD442D19416609A /* ImageIO.framework in Frameworks */ = {isa = PBXBuildFile; fileRef = 7EC78321767742D5A6A7B8C2 /* ImageIO.framework */; };
		6660C07501474989ADB8B3D0 /* libc++.dylib in Frameworks */ = {isa = PBXBuildFile; fileRef = 47D1D38BB0824B9294A8D83F /* libc++.dylib */; };
		B4322839FFDA421F81C644A8 /* libz.dylib in Frameworks */ = {isa = PBXBuildFile; fileRef = FE08ABF4503C4104BC031E8E /* libz.dylib */; };
		584B4BEC00F44998B499FAD8 /* OpenGLES.framework in Frameworks */ = {isa = PBXBuildFile; fileRef = B12D7328394E4563A37AF3AD /* OpenGLES.framework */; };
		CE403DBAD9D84CAAA23A3050 /* QuartzCore.framework in Frameworks */ = {isa = PBXBuildFile; fileRef = 8388B62C0E714AF29A68152F /* QuartzCore.framework */; };
		D831B870988F43D09C3A6CD2 /* SystemConfiguration.framework in Frameworks */ = {isa = PBXBuildFile; fileRef = 0E341E4315BA470A98D75965 /* SystemConfiguration.framework */; };
		E9554C750CE8465C94340480 /* UIKit.framework in Frameworks */ = {isa = PBXBuildFile; fileRef = 259D5B16ED494DAD87C6ACA7 /* UIKit.framework */; };
		22140A56A2F543EA8F6E1E36 /* GoogleMapsBase.framework in Frameworks */ = {isa = PBXBuildFile; fileRef = 2ED44613D05246ACA9D689B0 /* GoogleMapsBase.framework */; };
		065DC4E1F9844AA4A3892EE8 /* GoogleMaps.framework in Frameworks */ = {isa = PBXBuildFile; fileRef = 0E9AFA5930BD41EDB6FF34E7 /* GoogleMaps.framework */; };
		410AA904AF7944EC87579A0C /* GoogleMapsCore.framework in Frameworks */ = {isa = PBXBuildFile; fileRef = D3523DED9E874D73888AAA63 /* GoogleMapsCore.framework */; };
		8A0CB5C6EB164A4BA598F951 /* Circle.m in Sources */ = {isa = PBXBuildFile; fileRef = 163317F47EC5410B885613BD /* Circle.m */; };
		81972B194F2F4230AFEABE4F /* External.m in Sources */ = {isa = PBXBuildFile; fileRef = D1FB8A89B16547CCA9B32060 /* External.m */; };
		8A58F6A25C154B72A248207E /* Geocoder.m in Sources */ = {isa = PBXBuildFile; fileRef = 121433B8D2E640DA9564D226 /* Geocoder.m */; };
		314182E1D608400B89F6C819 /* GoogleMaps.m in Sources */ = {isa = PBXBuildFile; fileRef = 5F9E54D463354031BE133F9A /* GoogleMaps.m */; };
		53B49BAF47254F5EA0FCB206 /* GoogleMapsViewController.m in Sources */ = {isa = PBXBuildFile; fileRef = A408655706D644AFB6138891 /* GoogleMapsViewController.m */; };
		E1017396C8374C27B2A8DE5A /* GroundOverlay.m in Sources */ = {isa = PBXBuildFile; fileRef = C7F1D31C4A164388BB28E399 /* GroundOverlay.m */; };
		C64475C0660042F190472A3F /* KmlOverlay.m in Sources */ = {isa = PBXBuildFile; fileRef = FD8D22E7BE43407CBF0006E9 /* KmlOverlay.m */; };
		CFC63E512E284A57B2579C63 /* Map.m in Sources */ = {isa = PBXBuildFile; fileRef = 2CBA13B312F64E93901989C7 /* Map.m */; };
		8A28032AE34E4468936591E8 /* Marker.m in Sources */ = {isa = PBXBuildFile; fileRef = FE6A02B8E7594CC3BA7021EC /* Marker.m */; };
		89B0913AA00C4BCA97B9FD77 /* PluginUtil.m in Sources */ = {isa = PBXBuildFile; fileRef = 39F5AC12FD444F6A9216EE05 /* PluginUtil.m */; };
		6E74A04D7F684AF0BDC77BEC /* Polygon.m in Sources */ = {isa = PBXBuildFile; fileRef = BC11D212123247F88FEFC17E /* Polygon.m */; };
		EBF1AF5A5A92486897715F5F /* Polyline.m in Sources */ = {isa = PBXBuildFile; fileRef = 5B88688E82364E4496E272F8 /* Polyline.m */; };
		131E9489F09C4B068C1AA553 /* TBXML.m in Sources */ = {isa = PBXBuildFile; fileRef = 6D3B894B8613448E82FC20EB /* TBXML.m */; };
		DF95562CFD49499F86146EE2 /* TileOverlay.m in Sources */ = {isa = PBXBuildFile; fileRef = 97BDDDD65D60454CB6F26E50 /* TileOverlay.m */; };
		E4B058F39BE34D32ADE6EC13 /* NSData+Base64.m in Sources */ = {isa = PBXBuildFile; fileRef = 195706FF703448FA80E83C1D /* NSData+Base64.m */; };
		A7457B2466C84DC7B41B9A06 /* GMSCoordinateBounds+Geometry.m in Sources */ = {isa = PBXBuildFile; fileRef = 29419135A12B4088A1B7D507 /* GMSCoordinateBounds+Geometry.m */; };
		3D8AC45A5D1A43B3BE8EE5C6 /* MyPluginLayer.m in Sources */ = {isa = PBXBuildFile; fileRef = A30960CF14A74A0893996A97 /* MyPluginLayer.m */; };
		EC05DB1709724ADF863EE394 /* MyReachability.m in Sources */ = {isa = PBXBuildFile; fileRef = A590022777FD4FB6A2A72F51 /* MyReachability.m */; };
		48AA723BA84B416C8D85DD50 /* MyPluginLayerDebugView.m in Sources */ = {isa = PBXBuildFile; fileRef = D068C77D8FB7422BA8F268EB /* MyPluginLayerDebugView.m */; };
		1073092E68CA4E40BC14E916 /* MyPluginScrollView.m in Sources */ = {isa = PBXBuildFile; fileRef = 24E47A51E25E48A6A4048BEC /* MyPluginScrollView.m */; };
/* End PBXBuildFile section */

/* Begin PBXContainerItemProxy section */
		301BF534109A57CC0062928A /* PBXContainerItemProxy */ = {
			isa = PBXContainerItemProxy;
			containerPortal = 301BF52D109A57CC0062928A /* CordovaLib.xcodeproj */;
			proxyType = 2;
			remoteGlobalIDString = D2AAC07E0554694100DB518D;
			remoteInfo = CordovaLib;
		};
		301BF550109A68C00062928A /* PBXContainerItemProxy */ = {
			isa = PBXContainerItemProxy;
			containerPortal = 301BF52D109A57CC0062928A /* CordovaLib.xcodeproj */;
			proxyType = 1;
			remoteGlobalIDString = D2AAC07D0554694100DB518D;
			remoteInfo = CordovaLib;
		};
/* End PBXContainerItemProxy section */

/* Begin PBXFileReference section */
		0207DA571B56EA530066E2B4 /* Images.xcassets */ = {isa = PBXFileReference; lastKnownFileType = folder.assetcatalog; name = Images.xcassets; path = "fluzfluz/Images.xcassets"; sourceTree = SOURCE_ROOT; };
		1D3623240D0F684500981E51 /* AppDelegate.h */ = {isa = PBXFileReference; fileEncoding = 4; lastKnownFileType = sourcecode.c.h; path = AppDelegate.h; sourceTree = "<group>"; };
		1D3623250D0F684500981E51 /* AppDelegate.m */ = {isa = PBXFileReference; fileEncoding = 4; lastKnownFileType = sourcecode.c.objc; path = AppDelegate.m; sourceTree = "<group>"; };
		1D6058910D05DD3D006BFB54 /* fluzfluz.app */ = {isa = PBXFileReference; explicitFileType = wrapper.application; includeInIndex = 0; path = "fluzfluz.app"; sourceTree = BUILT_PRODUCTS_DIR; };
		29B97316FDCFA39411CA2CEA /* main.m */ = {isa = PBXFileReference; fileEncoding = 4; lastKnownFileType = sourcecode.c.objc; path = main.m; sourceTree = "<group>"; };
		301BF52D109A57CC0062928A /* CordovaLib.xcodeproj */ = {isa = PBXFileReference; lastKnownFileType = "wrapper.pb-project"; name = CordovaLib.xcodeproj; path = CordovaLib/CordovaLib.xcodeproj; sourceTree = "<group>"; };
		301BF56E109A69640062928A /* www */ = {isa = PBXFileReference; lastKnownFileType = folder; path = www; sourceTree = SOURCE_ROOT; };
		302D95EE14D2391D003F00A1 /* MainViewController.h */ = {isa = PBXFileReference; fileEncoding = 4; lastKnownFileType = sourcecode.c.h; path = MainViewController.h; sourceTree = "<group>"; };
		302D95EF14D2391D003F00A1 /* MainViewController.m */ = {isa = PBXFileReference; fileEncoding = 4; lastKnownFileType = sourcecode.c.objc; path = MainViewController.m; sourceTree = "<group>"; };
		302D95F014D2391D003F00A1 /* MainViewController.xib */ = {isa = PBXFileReference; fileEncoding = 4; lastKnownFileType = file.xib; path = MainViewController.xib; sourceTree = "<group>"; };
		3047A50F1AB8059700498E2A /* build-debug.xcconfig */ = {isa = PBXFileReference; fileEncoding = 4; lastKnownFileType = text.xcconfig; name = "build-debug.xcconfig"; path = cordova/build-debug.xcconfig; sourceTree = SOURCE_ROOT; };
		3047A5101AB8059700498E2A /* build-release.xcconfig */ = {isa = PBXFileReference; fileEncoding = 4; lastKnownFileType = text.xcconfig; name = "build-release.xcconfig"; path = cordova/build-release.xcconfig; sourceTree = SOURCE_ROOT; };
		3047A5111AB8059700498E2A /* build.xcconfig */ = {isa = PBXFileReference; fileEncoding = 4; lastKnownFileType = text.xcconfig; name = build.xcconfig; path = cordova/build.xcconfig; sourceTree = SOURCE_ROOT; };
		32CA4F630368D1EE00C91783 /* fluzfluz-Prefix.pch */ = {isa = PBXFileReference; fileEncoding = 4; lastKnownFileType = sourcecode.c.h; path = "fluzfluz-Prefix.pch"; sourceTree = "<group>"; };
		6AFF5BF81D6E424B00AB3073 /* CDVLaunchScreen.storyboard */ = {isa = PBXFileReference; fileEncoding = 4; lastKnownFileType = file.storyboard; name = CDVLaunchScreen.storyboard; path = "fluzfluz/CDVLaunchScreen.storyboard"; sourceTree = SOURCE_ROOT; };
		8D1107310486CEB800E47090 /* fluzfluz-Info.plist */ = {isa = PBXFileReference; fileEncoding = 4; lastKnownFileType = text.plist.xml; name = "fluzfluz-Info.plist"; path = "fluzfluz/fluzfluz-Info.plist"; plistStructureDefinitionIdentifier = "com.apple.xcode.plist.structure-definition.iphone.info-plist"; sourceTree = SOURCE_ROOT; };
		EB87FDF31871DA8E0020F90C /* www */ = {isa = PBXFileReference; lastKnownFileType = folder; name = www; path = ../../www; sourceTree = "<group>"; };
		EB87FDF41871DAF40020F90C /* config.xml */ = {isa = PBXFileReference; lastKnownFileType = text.xml; name = config.xml; path = ../../config.xml; sourceTree = "<group>"; };
		F840E1F0165FE0F500CFE078 /* config.xml */ = {isa = PBXFileReference; lastKnownFileType = text.xml; name = config.xml; path = "fluzfluz/config.xml"; sourceTree = "<group>"; };
		ED33DF2A687741AEAF9F8254 /* Bridging-Header.h */ = {isa = PBXFileReference; fileEncoding = 4; lastKnownFileType = sourcecode.c.h; name = "Bridging-Header.h"; path = "Bridging-Header.h"; sourceTree = "<group>"; };
		5ABCC7787A264F30A52E8C02 /* CDVDevice.m */ = {isa = PBXFileReference; name = "CDVDevice.m"; path = "cordova-plugin-device/CDVDevice.m"; sourceTree = "<group>"; fileEncoding = 4; lastKnownFileType = sourcecode.c.objc; explicitFileType = undefined; includeInIndex = 0; };
		F9782AE32697491B8E4BC861 /* CDVDevice.h */ = {isa = PBXFileReference; name = "CDVDevice.h"; path = "cordova-plugin-device/CDVDevice.h"; sourceTree = "<group>"; fileEncoding = 4; lastKnownFileType = sourcecode.c.h; explicitFileType = undefined; includeInIndex = 0; };
		FBB4F523FA9D4B08B18CA44E /* CDVInAppBrowser.m */ = {isa = PBXFileReference; name = "CDVInAppBrowser.m"; path = "cordova-plugin-inappbrowser/CDVInAppBrowser.m"; sourceTree = "<group>"; fileEncoding = 4; lastKnownFileType = sourcecode.c.objc; explicitFileType = undefined; includeInIndex = 0; };
		8FBD31DF42414CAB98551DFA /* CDVInAppBrowser.h */ = {isa = PBXFileReference; name = "CDVInAppBrowser.h"; path = "cordova-plugin-inappbrowser/CDVInAppBrowser.h"; sourceTree = "<group>"; fileEncoding = 4; lastKnownFileType = sourcecode.c.h; explicitFileType = undefined; includeInIndex = 0; };
		8D53DC909A55437E8D091399 /* CDVSplashScreen.m */ = {isa = PBXFileReference; name = "CDVSplashScreen.m"; path = "cordova-plugin-splashscreen/CDVSplashScreen.m"; sourceTree = "<group>"; fileEncoding = 4; lastKnownFileType = sourcecode.c.objc; explicitFileType = undefined; includeInIndex = 0; };
		43EAD207177147028FC64221 /* CDVViewController+SplashScreen.m */ = {isa = PBXFileReference; name = "CDVViewController+SplashScreen.m"; path = "cordova-plugin-splashscreen/CDVViewController+SplashScreen.m"; sourceTree = "<group>"; fileEncoding = 4; lastKnownFileType = sourcecode.c.objc; explicitFileType = undefined; includeInIndex = 0; };
		1C57C7D7AB364EB7B1639865 /* CDVSplashScreen.h */ = {isa = PBXFileReference; name = "CDVSplashScreen.h"; path = "cordova-plugin-splashscreen/CDVSplashScreen.h"; sourceTree = "<group>"; fileEncoding = 4; lastKnownFileType = sourcecode.c.h; explicitFileType = undefined; includeInIndex = 0; };
		7E15DAF879FA4282A38D40D1 /* CDVViewController+SplashScreen.h */ = {isa = PBXFileReference; name = "CDVViewController+SplashScreen.h"; path = "cordova-plugin-splashscreen/CDVViewController+SplashScreen.h"; sourceTree = "<group>"; fileEncoding = 4; lastKnownFileType = sourcecode.c.h; explicitFileType = undefined; includeInIndex = 0; };
		54493636815941ABAEBA1B6B /* CDVStatusBar.m */ = {isa = PBXFileReference; name = "CDVStatusBar.m"; path = "cordova-plugin-statusbar/CDVStatusBar.m"; sourceTree = "<group>"; fileEncoding = 4; lastKnownFileType = sourcecode.c.objc; explicitFileType = undefined; includeInIndex = 0; };
		76B6902FED514F658F4ABD0B /* CDVStatusBar.h */ = {isa = PBXFileReference; name = "CDVStatusBar.h"; path = "cordova-plugin-statusbar/CDVStatusBar.h"; sourceTree = "<group>"; fileEncoding = 4; lastKnownFileType = sourcecode.c.h; explicitFileType = undefined; includeInIndex = 0; };
		84067753A8F74BCC98233120 /* SQLitePlugin.m */ = {isa = PBXFileReference; name = "SQLitePlugin.m"; path = "cordova-sqlite-storage/SQLitePlugin.m"; sourceTree = "<group>"; fileEncoding = 4; lastKnownFileType = sourcecode.c.objc; explicitFileType = undefined; includeInIndex = 0; };
		0AE202D8E9324921B0B370C0 /* sqlite3.c */ = {isa = PBXFileReference; name = "sqlite3.c"; path = "cordova-sqlite-storage/sqlite3.c"; sourceTree = "<group>"; fileEncoding = undefined; lastKnownFileType = unknown; explicitFileType = undefined; includeInIndex = 0; };
		FE20FCE17B93400E95CE3001 /* SQLitePlugin.h */ = {isa = PBXFileReference; name = "SQLitePlugin.h"; path = "cordova-sqlite-storage/SQLitePlugin.h"; sourceTree = "<group>"; fileEncoding = 4; lastKnownFileType = sourcecode.c.h; explicitFileType = undefined; includeInIndex = 0; };
		3F6D8D97973A460E8DE03B8D /* sqlite3.h */ = {isa = PBXFileReference; name = "sqlite3.h"; path = "cordova-sqlite-storage/sqlite3.h"; sourceTree = "<group>"; fileEncoding = 4; lastKnownFileType = sourcecode.c.h; explicitFileType = undefined; includeInIndex = 0; };
		5E102DF4DED34822878C58C7 /* IonicKeyboard.m */ = {isa = PBXFileReference; name = "IonicKeyboard.m"; path = "ionic-plugin-keyboard/IonicKeyboard.m"; sourceTree = "<group>"; fileEncoding = 4; lastKnownFileType = sourcecode.c.objc; explicitFileType = undefined; includeInIndex = 0; };
		FE2E8D667A754FFC8961431B /* IonicKeyboard.h */ = {isa = PBXFileReference; name = "IonicKeyboard.h"; path = "ionic-plugin-keyboard/IonicKeyboard.h"; sourceTree = "<group>"; fileEncoding = 4; lastKnownFileType = sourcecode.c.h; explicitFileType = undefined; includeInIndex = 0; };
		5FA70C5C1CD340D486493524 /* CBTBrowserTab.m */ = {isa = PBXFileReference; name = "CBTBrowserTab.m"; path = "cordova-plugin-browsertab/CBTBrowserTab.m"; sourceTree = "<group>"; fileEncoding = 4; lastKnownFileType = sourcecode.c.objc; explicitFileType = undefined; includeInIndex = 0; };
		E1ABB8965EAE4A8FA143D748 /* CBTBrowserTab.h */ = {isa = PBXFileReference; name = "CBTBrowserTab.h"; path = "cordova-plugin-browsertab/CBTBrowserTab.h"; sourceTree = "<group>"; fileEncoding = 4; lastKnownFileType = sourcecode.c.h; explicitFileType = undefined; includeInIndex = 0; };
		83867F4F48BF4B97B06C8730 /* SafariServices.framework */ = {isa = PBXFileReference; name = "SafariServices.framework"; path = "System/Library/Frameworks/SafariServices.framework"; sourceTree = SDKROOT; fileEncoding = undefined; lastKnownFileType = wrapper.framework; explicitFileType = undefined; includeInIndex = 0; };
		F52AD3BA25064146A32F86F9 /* CDVConnection.m */ = {isa = PBXFileReference; name = "CDVConnection.m"; path = "cordova-plugin-network-information/CDVConnection.m"; sourceTree = "<group>"; fileEncoding = 4; lastKnownFileType = sourcecode.c.objc; explicitFileType = undefined; includeInIndex = 0; };
		CA9D331D85C0434E882A7ACE /* CDVReachability.m */ = {isa = PBXFileReference; name = "CDVReachability.m"; path = "cordova-plugin-network-information/CDVReachability.m"; sourceTree = "<group>"; fileEncoding = 4; lastKnownFileType = sourcecode.c.objc; explicitFileType = undefined; includeInIndex = 0; };
		29EC1DF85374402582F88877 /* CDVConnection.h */ = {isa = PBXFileReference; name = "CDVConnection.h"; path = "cordova-plugin-network-information/CDVConnection.h"; sourceTree = "<group>"; fileEncoding = 4; lastKnownFileType = sourcecode.c.h; explicitFileType = undefined; includeInIndex = 0; };
		84ED21E6DBED499F9BA47E97 /* CDVReachability.h */ = {isa = PBXFileReference; name = "CDVReachability.h"; path = "cordova-plugin-network-information/CDVReachability.h"; sourceTree = "<group>"; fileEncoding = 4; lastKnownFileType = sourcecode.c.h; explicitFileType = undefined; includeInIndex = 0; };
		EC5EC7B29AF04F29AB7328B4 /* CoreTelephony.framework */ = {isa = PBXFileReference; name = "CoreTelephony.framework"; path = "System/Library/Frameworks/CoreTelephony.framework"; sourceTree = SDKROOT; fileEncoding = undefined; lastKnownFileType = wrapper.framework; explicitFileType = undefined; includeInIndex = 0; };
		03F034245B0C42DAA86E1021 /* CDVClipboard.m */ = {isa = PBXFileReference; name = "CDVClipboard.m"; path = "cordova-clipboard/CDVClipboard.m"; sourceTree = "<group>"; fileEncoding = 4; lastKnownFileType = sourcecode.c.objc; explicitFileType = undefined; includeInIndex = 0; };
		0516B8E8402649AE94BFB9DE /* CDVClipboard.h */ = {isa = PBXFileReference; name = "CDVClipboard.h"; path = "cordova-clipboard/CDVClipboard.h"; sourceTree = "<group>"; fileEncoding = 4; lastKnownFileType = sourcecode.c.h; explicitFileType = undefined; includeInIndex = 0; };
		31E671CF90834967A773796E /* CDVLocation.m */ = {isa = PBXFileReference; name = "CDVLocation.m"; path = "cordova-plugin-geolocation/CDVLocation.m"; sourceTree = "<group>"; fileEncoding = 4; lastKnownFileType = sourcecode.c.objc; explicitFileType = undefined; includeInIndex = 0; };
		07AB5AB44E57416A95B3EE7B /* CDVLocation.h */ = {isa = PBXFileReference; name = "CDVLocation.h"; path = "cordova-plugin-geolocation/CDVLocation.h"; sourceTree = "<group>"; fileEncoding = 4; lastKnownFileType = sourcecode.c.h; explicitFileType = undefined; includeInIndex = 0; };
		51A796E6A2C548A598CA87AF /* GoogleMaps.bundle */ = {isa = PBXFileReference; name = "GoogleMaps.bundle"; path = "GoogleMaps.bundle"; sourceTree = "<group>"; fileEncoding = undefined; lastKnownFileType = wrapper.plug-in; explicitFileType = undefined; includeInIndex = 0; };
		A4F50C6E50834F129636FF7D /* Accelerate.framework */ = {isa = PBXFileReference; name = "Accelerate.framework"; path = "System/Library/Frameworks/Accelerate.framework"; sourceTree = SDKROOT; fileEncoding = undefined; lastKnownFileType = wrapper.framework; explicitFileType = undefined; includeInIndex = 0; };
		5C40CE1A0A5B453ABC81D43A /* CoreData.framework */ = {isa = PBXFileReference; name = "CoreData.framework"; path = "System/Library/Frameworks/CoreData.framework"; sourceTree = SDKROOT; fileEncoding = undefined; lastKnownFileType = wrapper.framework; explicitFileType = undefined; includeInIndex = 0; };
		58D3A28090154F37B1CD72FC /* CoreLocation.framework */ = {isa = PBXFileReference; name = "CoreLocation.framework"; path = "System/Library/Frameworks/CoreLocation.framework"; sourceTree = SDKROOT; fileEncoding = undefined; lastKnownFileType = wrapper.framework; explicitFileType = undefined; includeInIndex = 0; };
		57DAF4A0CDA441B084EB3F01 /* CoreText.framework */ = {isa = PBXFileReference; name = "CoreText.framework"; path = "System/Library/Frameworks/CoreText.framework"; sourceTree = SDKROOT; fileEncoding = undefined; lastKnownFileType = wrapper.framework; explicitFileType = undefined; includeInIndex = 0; };
		FE41BEFA337D431182180ABD /* GLKit.framework */ = {isa = PBXFileReference; name = "GLKit.framework"; path = "System/Library/Frameworks/GLKit.framework"; sourceTree = SDKROOT; fileEncoding = undefined; lastKnownFileType = wrapper.framework; explicitFileType = undefined; includeInIndex = 0; };
		7EC78321767742D5A6A7B8C2 /* ImageIO.framework */ = {isa = PBXFileReference; name = "ImageIO.framework"; path = "System/Library/Frameworks/ImageIO.framework"; sourceTree = SDKROOT; fileEncoding = undefined; lastKnownFileType = wrapper.framework; explicitFileType = undefined; includeInIndex = 0; };
		47D1D38BB0824B9294A8D83F /* libc++.dylib */ = {isa = PBXFileReference; name = "libc++.dylib"; path = "usr/lib/libc++.dylib"; sourceTree = SDKROOT; fileEncoding = undefined; lastKnownFileType = compiled.mach-o.dylib; explicitFileType = undefined; includeInIndex = 0; };
		FE08ABF4503C4104BC031E8E /* libz.dylib */ = {isa = PBXFileReference; name = "libz.dylib"; path = "usr/lib/libz.dylib"; sourceTree = SDKROOT; fileEncoding = undefined; lastKnownFileType = compiled.mach-o.dylib; explicitFileType = undefined; includeInIndex = 0; };
		B12D7328394E4563A37AF3AD /* OpenGLES.framework */ = {isa = PBXFileReference; name = "OpenGLES.framework"; path = "System/Library/Frameworks/OpenGLES.framework"; sourceTree = SDKROOT; fileEncoding = undefined; lastKnownFileType = wrapper.framework; explicitFileType = undefined; includeInIndex = 0; };
		8388B62C0E714AF29A68152F /* QuartzCore.framework */ = {isa = PBXFileReference; name = "QuartzCore.framework"; path = "System/Library/Frameworks/QuartzCore.framework"; sourceTree = SDKROOT; fileEncoding = undefined; lastKnownFileType = wrapper.framework; explicitFileType = undefined; includeInIndex = 0; };
		0E341E4315BA470A98D75965 /* SystemConfiguration.framework */ = {isa = PBXFileReference; name = "SystemConfiguration.framework"; path = "System/Library/Frameworks/SystemConfiguration.framework"; sourceTree = SDKROOT; fileEncoding = undefined; lastKnownFileType = wrapper.framework; explicitFileType = undefined; includeInIndex = 0; };
		259D5B16ED494DAD87C6ACA7 /* UIKit.framework */ = {isa = PBXFileReference; name = "UIKit.framework"; path = "System/Library/Frameworks/UIKit.framework"; sourceTree = SDKROOT; fileEncoding = undefined; lastKnownFileType = wrapper.framework; explicitFileType = undefined; includeInIndex = 0; };
		2ED44613D05246ACA9D689B0 /* GoogleMapsBase.framework */ = {isa = PBXFileReference; name = "GoogleMapsBase.framework"; path = "fluzfluz/Plugins/com.googlemaps.ios/GoogleMapsBase.framework"; sourceTree = "<group>"; fileEncoding = undefined; lastKnownFileType = wrapper.framework; explicitFileType = undefined; includeInIndex = 0; };
		0E9AFA5930BD41EDB6FF34E7 /* GoogleMaps.framework */ = {isa = PBXFileReference; name = "GoogleMaps.framework"; path = "fluzfluz/Plugins/com.googlemaps.ios/GoogleMaps.framework"; sourceTree = "<group>"; fileEncoding = undefined; lastKnownFileType = wrapper.framework; explicitFileType = undefined; includeInIndex = 0; };
		D3523DED9E874D73888AAA63 /* GoogleMapsCore.framework */ = {isa = PBXFileReference; name = "GoogleMapsCore.framework"; path = "fluzfluz/Plugins/com.googlemaps.ios/GoogleMapsCore.framework"; sourceTree = "<group>"; fileEncoding = undefined; lastKnownFileType = wrapper.framework; explicitFileType = undefined; includeInIndex = 0; };
		163317F47EC5410B885613BD /* Circle.m */ = {isa = PBXFileReference; name = "Circle.m"; path = "cordova-plugin-googlemaps/Circle.m"; sourceTree = "<group>"; fileEncoding = 4; lastKnownFileType = sourcecode.c.objc; explicitFileType = undefined; includeInIndex = 0; };
		D1FB8A89B16547CCA9B32060 /* External.m */ = {isa = PBXFileReference; name = "External.m"; path = "cordova-plugin-googlemaps/External.m"; sourceTree = "<group>"; fileEncoding = 4; lastKnownFileType = sourcecode.c.objc; explicitFileType = undefined; includeInIndex = 0; };
		121433B8D2E640DA9564D226 /* Geocoder.m */ = {isa = PBXFileReference; name = "Geocoder.m"; path = "cordova-plugin-googlemaps/Geocoder.m"; sourceTree = "<group>"; fileEncoding = 4; lastKnownFileType = sourcecode.c.objc; explicitFileType = undefined; includeInIndex = 0; };
		5F9E54D463354031BE133F9A /* GoogleMaps.m */ = {isa = PBXFileReference; name = "GoogleMaps.m"; path = "cordova-plugin-googlemaps/GoogleMaps.m"; sourceTree = "<group>"; fileEncoding = 4; lastKnownFileType = sourcecode.c.objc; explicitFileType = undefined; includeInIndex = 0; };
		A408655706D644AFB6138891 /* GoogleMapsViewController.m */ = {isa = PBXFileReference; name = "GoogleMapsViewController.m"; path = "cordova-plugin-googlemaps/GoogleMapsViewController.m"; sourceTree = "<group>"; fileEncoding = 4; lastKnownFileType = sourcecode.c.objc; explicitFileType = undefined; includeInIndex = 0; };
		C7F1D31C4A164388BB28E399 /* GroundOverlay.m */ = {isa = PBXFileReference; name = "GroundOverlay.m"; path = "cordova-plugin-googlemaps/GroundOverlay.m"; sourceTree = "<group>"; fileEncoding = 4; lastKnownFileType = sourcecode.c.objc; explicitFileType = undefined; includeInIndex = 0; };
		FD8D22E7BE43407CBF0006E9 /* KmlOverlay.m */ = {isa = PBXFileReference; name = "KmlOverlay.m"; path = "cordova-plugin-googlemaps/KmlOverlay.m"; sourceTree = "<group>"; fileEncoding = 4; lastKnownFileType = sourcecode.c.objc; explicitFileType = undefined; includeInIndex = 0; };
		2CBA13B312F64E93901989C7 /* Map.m */ = {isa = PBXFileReference; name = "Map.m"; path = "cordova-plugin-googlemaps/Map.m"; sourceTree = "<group>"; fileEncoding = 4; lastKnownFileType = sourcecode.c.objc; explicitFileType = undefined; includeInIndex = 0; };
		FE6A02B8E7594CC3BA7021EC /* Marker.m */ = {isa = PBXFileReference; name = "Marker.m"; path = "cordova-plugin-googlemaps/Marker.m"; sourceTree = "<group>"; fileEncoding = 4; lastKnownFileType = sourcecode.c.objc; explicitFileType = undefined; includeInIndex = 0; };
		39F5AC12FD444F6A9216EE05 /* PluginUtil.m */ = {isa = PBXFileReference; name = "PluginUtil.m"; path = "cordova-plugin-googlemaps/PluginUtil.m"; sourceTree = "<group>"; fileEncoding = 4; lastKnownFileType = sourcecode.c.objc; explicitFileType = undefined; includeInIndex = 0; };
		BC11D212123247F88FEFC17E /* Polygon.m */ = {isa = PBXFileReference; name = "Polygon.m"; path = "cordova-plugin-googlemaps/Polygon.m"; sourceTree = "<group>"; fileEncoding = 4; lastKnownFileType = sourcecode.c.objc; explicitFileType = undefined; includeInIndex = 0; };
		5B88688E82364E4496E272F8 /* Polyline.m */ = {isa = PBXFileReference; name = "Polyline.m"; path = "cordova-plugin-googlemaps/Polyline.m"; sourceTree = "<group>"; fileEncoding = 4; lastKnownFileType = sourcecode.c.objc; explicitFileType = undefined; includeInIndex = 0; };
		6D3B894B8613448E82FC20EB /* TBXML.m */ = {isa = PBXFileReference; name = "TBXML.m"; path = "cordova-plugin-googlemaps/TBXML.m"; sourceTree = "<group>"; fileEncoding = 4; lastKnownFileType = sourcecode.c.objc; explicitFileType = undefined; includeInIndex = 0; };
		97BDDDD65D60454CB6F26E50 /* TileOverlay.m */ = {isa = PBXFileReference; name = "TileOverlay.m"; path = "cordova-plugin-googlemaps/TileOverlay.m"; sourceTree = "<group>"; fileEncoding = 4; lastKnownFileType = sourcecode.c.objc; explicitFileType = undefined; includeInIndex = 0; };
		195706FF703448FA80E83C1D /* NSData+Base64.m */ = {isa = PBXFileReference; name = "NSData+Base64.m"; path = "cordova-plugin-googlemaps/NSData+Base64.m"; sourceTree = "<group>"; fileEncoding = 4; lastKnownFileType = sourcecode.c.objc; explicitFileType = undefined; includeInIndex = 0; };
		29419135A12B4088A1B7D507 /* GMSCoordinateBounds+Geometry.m */ = {isa = PBXFileReference; name = "GMSCoordinateBounds+Geometry.m"; path = "cordova-plugin-googlemaps/GMSCoordinateBounds+Geometry.m"; sourceTree = "<group>"; fileEncoding = 4; lastKnownFileType = sourcecode.c.objc; explicitFileType = undefined; includeInIndex = 0; };
		A30960CF14A74A0893996A97 /* MyPluginLayer.m */ = {isa = PBXFileReference; name = "MyPluginLayer.m"; path = "cordova-plugin-googlemaps/MyPluginLayer.m"; sourceTree = "<group>"; fileEncoding = 4; lastKnownFileType = sourcecode.c.objc; explicitFileType = undefined; includeInIndex = 0; };
		A590022777FD4FB6A2A72F51 /* MyReachability.m */ = {isa = PBXFileReference; name = "MyReachability.m"; path = "cordova-plugin-googlemaps/MyReachability.m"; sourceTree = "<group>"; fileEncoding = 4; lastKnownFileType = sourcecode.c.objc; explicitFileType = undefined; includeInIndex = 0; };
		D068C77D8FB7422BA8F268EB /* MyPluginLayerDebugView.m */ = {isa = PBXFileReference; name = "MyPluginLayerDebugView.m"; path = "cordova-plugin-googlemaps/MyPluginLayerDebugView.m"; sourceTree = "<group>"; fileEncoding = 4; lastKnownFileType = sourcecode.c.objc; explicitFileType = undefined; includeInIndex = 0; };
		24E47A51E25E48A6A4048BEC /* MyPluginScrollView.m */ = {isa = PBXFileReference; name = "MyPluginScrollView.m"; path = "cordova-plugin-googlemaps/MyPluginScrollView.m"; sourceTree = "<group>"; fileEncoding = 4; lastKnownFileType = sourcecode.c.objc; explicitFileType = undefined; includeInIndex = 0; };
		8BE61EE83EE64014B0F44E30 /* Circle.h */ = {isa = PBXFileReference; name = "Circle.h"; path = "cordova-plugin-googlemaps/Circle.h"; sourceTree = "<group>"; fileEncoding = 4; lastKnownFileType = sourcecode.c.h; explicitFileType = undefined; includeInIndex = 0; };
		BCDD14C31B414D5B90CC29C7 /* External.h */ = {isa = PBXFileReference; name = "External.h"; path = "cordova-plugin-googlemaps/External.h"; sourceTree = "<group>"; fileEncoding = 4; lastKnownFileType = sourcecode.c.h; explicitFileType = undefined; includeInIndex = 0; };
		917B2643EC564A428744BB58 /* Geocoder.h */ = {isa = PBXFileReference; name = "Geocoder.h"; path = "cordova-plugin-googlemaps/Geocoder.h"; sourceTree = "<group>"; fileEncoding = 4; lastKnownFileType = sourcecode.c.h; explicitFileType = undefined; includeInIndex = 0; };
		3B2C8C1796A04840B32268DC /* GoogleMaps.h */ = {isa = PBXFileReference; name = "GoogleMaps.h"; path = "cordova-plugin-googlemaps/GoogleMaps.h"; sourceTree = "<group>"; fileEncoding = 4; lastKnownFileType = sourcecode.c.h; explicitFileType = undefined; includeInIndex = 0; };
		FE30BC142A03461F9CAD0504 /* GoogleMapsViewController.h */ = {isa = PBXFileReference; name = "GoogleMapsViewController.h"; path = "cordova-plugin-googlemaps/GoogleMapsViewController.h"; sourceTree = "<group>"; fileEncoding = 4; lastKnownFileType = sourcecode.c.h; explicitFileType = undefined; includeInIndex = 0; };
		BCA32B38906D46A0A763A24A /* GroundOverlay.h */ = {isa = PBXFileReference; name = "GroundOverlay.h"; path = "cordova-plugin-googlemaps/GroundOverlay.h"; sourceTree = "<group>"; fileEncoding = 4; lastKnownFileType = sourcecode.c.h; explicitFileType = undefined; includeInIndex = 0; };
		190DB4DC93E44FCEA805B505 /* KmlOverlay.h */ = {isa = PBXFileReference; name = "KmlOverlay.h"; path = "cordova-plugin-googlemaps/KmlOverlay.h"; sourceTree = "<group>"; fileEncoding = 4; lastKnownFileType = sourcecode.c.h; explicitFileType = undefined; includeInIndex = 0; };
		8167047AE5F34DA6A210C45D /* Map.h */ = {isa = PBXFileReference; name = "Map.h"; path = "cordova-plugin-googlemaps/Map.h"; sourceTree = "<group>"; fileEncoding = 4; lastKnownFileType = sourcecode.c.h; explicitFileType = undefined; includeInIndex = 0; };
		19230A3D52554D3BABE5D488 /* Marker.h */ = {isa = PBXFileReference; name = "Marker.h"; path = "cordova-plugin-googlemaps/Marker.h"; sourceTree = "<group>"; fileEncoding = 4; lastKnownFileType = sourcecode.c.h; explicitFileType = undefined; includeInIndex = 0; };
		788C0CDDADEC483E80FD1D04 /* MyPlgunProtocol.h */ = {isa = PBXFileReference; name = "MyPlgunProtocol.h"; path = "cordova-plugin-googlemaps/MyPlgunProtocol.h"; sourceTree = "<group>"; fileEncoding = 4; lastKnownFileType = sourcecode.c.h; explicitFileType = undefined; includeInIndex = 0; };
		D5489C64DF79467E92CA35D9 /* PluginUtil.h */ = {isa = PBXFileReference; name = "PluginUtil.h"; path = "cordova-plugin-googlemaps/PluginUtil.h"; sourceTree = "<group>"; fileEncoding = 4; lastKnownFileType = sourcecode.c.h; explicitFileType = undefined; includeInIndex = 0; };
		A495602A4981480B9719927E /* Polygon.h */ = {isa = PBXFileReference; name = "Polygon.h"; path = "cordova-plugin-googlemaps/Polygon.h"; sourceTree = "<group>"; fileEncoding = 4; lastKnownFileType = sourcecode.c.h; explicitFileType = undefined; includeInIndex = 0; };
		1F88DE73928C4E8983A1EB61 /* Polyline.h */ = {isa = PBXFileReference; name = "Polyline.h"; path = "cordova-plugin-googlemaps/Polyline.h"; sourceTree = "<group>"; fileEncoding = 4; lastKnownFileType = sourcecode.c.h; explicitFileType = undefined; includeInIndex = 0; };
		E054DCE80D7B4DD9B14B4C01 /* TBXML.h */ = {isa = PBXFileReference; name = "TBXML.h"; path = "cordova-plugin-googlemaps/TBXML.h"; sourceTree = "<group>"; fileEncoding = 4; lastKnownFileType = sourcecode.c.h; explicitFileType = undefined; includeInIndex = 0; };
		8573FBAFD72440FFA7F58015 /* TileOverlay.h */ = {isa = PBXFileReference; name = "TileOverlay.h"; path = "cordova-plugin-googlemaps/TileOverlay.h"; sourceTree = "<group>"; fileEncoding = 4; lastKnownFileType = sourcecode.c.h; explicitFileType = undefined; includeInIndex = 0; };
		051AE7D606FC49FE89C771A1 /* NSData+Base64.h */ = {isa = PBXFileReference; name = "NSData+Base64.h"; path = "cordova-plugin-googlemaps/NSData+Base64.h"; sourceTree = "<group>"; fileEncoding = 4; lastKnownFileType = sourcecode.c.h; explicitFileType = undefined; includeInIndex = 0; };
		A962F83C11924332A5E183C2 /* NSData+Base64.podspec */ = {isa = PBXFileReference; name = "NSData+Base64.podspec"; path = "cordova-plugin-googlemaps/NSData+Base64.podspec"; sourceTree = "<group>"; fileEncoding = undefined; lastKnownFileType = unknown; explicitFileType = undefined; includeInIndex = 0; };
		957DBE71222C4E75B0A12015 /* GMSCoordinateBounds+Geometry.h */ = {isa = PBXFileReference; name = "GMSCoordinateBounds+Geometry.h"; path = "cordova-plugin-googlemaps/GMSCoordinateBounds+Geometry.h"; sourceTree = "<group>"; fileEncoding = 4; lastKnownFileType = sourcecode.c.h; explicitFileType = undefined; includeInIndex = 0; };
		70C6B2DD86AC469D8C04AA51 /* MyPluginLayer.h */ = {isa = PBXFileReference; name = "MyPluginLayer.h"; path = "cordova-plugin-googlemaps/MyPluginLayer.h"; sourceTree = "<group>"; fileEncoding = 4; lastKnownFileType = sourcecode.c.h; explicitFileType = undefined; includeInIndex = 0; };
		8FCC8C20F17A48FFB35F93B1 /* MyReachability.h */ = {isa = PBXFileReference; name = "MyReachability.h"; path = "cordova-plugin-googlemaps/MyReachability.h"; sourceTree = "<group>"; fileEncoding = 4; lastKnownFileType = sourcecode.c.h; explicitFileType = undefined; includeInIndex = 0; };
		644B29EC24BA4531B96F4919 /* MyPluginLayerDebugView.h */ = {isa = PBXFileReference; name = "MyPluginLayerDebugView.h"; path = "cordova-plugin-googlemaps/MyPluginLayerDebugView.h"; sourceTree = "<group>"; fileEncoding = 4; lastKnownFileType = sourcecode.c.h; explicitFileType = undefined; includeInIndex = 0; };
		104B86244C9B445AB30D406F /* MyPluginScrollView.h */ = {isa = PBXFileReference; name = "MyPluginScrollView.h"; path = "cordova-plugin-googlemaps/MyPluginScrollView.h"; sourceTree = "<group>"; fileEncoding = 4; lastKnownFileType = sourcecode.c.h; explicitFileType = undefined; includeInIndex = 0; };
/* End PBXFileReference section */

/* Begin PBXFrameworksBuildPhase section */
		1D60588F0D05DD3D006BFB54 /* Frameworks */ = {
			isa = PBXFrameworksBuildPhase;
			buildActionMask = 2147483647;
			files = (
				301BF552109A68D80062928A /* libCordova.a in Frameworks */,
				062FACE5B9A2489D8F5B07E5 /* SafariServices.framework in Frameworks */,
				2140104E450547D3BE81ADED /* CoreTelephony.framework in Frameworks */,
				973F9B0B1036409EBA512284 /* Accelerate.framework in Frameworks */,
				9A9310DC73FA4B85AC667E86 /* CoreData.framework in Frameworks */,
				16746A4E9823422DA4314F95 /* CoreLocation.framework in Frameworks */,
				F5207C70FF10460FAC27CFE9 /* CoreText.framework in Frameworks */,
				637558C2D7974A5A9000741C /* GLKit.framework in Frameworks */,
				EDA198912DD442D19416609A /* ImageIO.framework in Frameworks */,
				6660C07501474989ADB8B3D0 /* libc++.dylib in Frameworks */,
				B4322839FFDA421F81C644A8 /* libz.dylib in Frameworks */,
				584B4BEC00F44998B499FAD8 /* OpenGLES.framework in Frameworks */,
				CE403DBAD9D84CAAA23A3050 /* QuartzCore.framework in Frameworks */,
				D831B870988F43D09C3A6CD2 /* SystemConfiguration.framework in Frameworks */,
				E9554C750CE8465C94340480 /* UIKit.framework in Frameworks */,
				22140A56A2F543EA8F6E1E36 /* GoogleMapsBase.framework in Frameworks */,
				065DC4E1F9844AA4A3892EE8 /* GoogleMaps.framework in Frameworks */,
				410AA904AF7944EC87579A0C /* GoogleMapsCore.framework in Frameworks */,
			);
			runOnlyForDeploymentPostprocessing = 0;
		};
/* End PBXFrameworksBuildPhase section */

/* Begin PBXGroup section */
		080E96DDFE201D6D7F000001 /* Classes */ = {
			isa = PBXGroup;
			children = (
				302D95EE14D2391D003F00A1 /* MainViewController.h */,
				302D95EF14D2391D003F00A1 /* MainViewController.m */,
				302D95F014D2391D003F00A1 /* MainViewController.xib */,
				1D3623240D0F684500981E51 /* AppDelegate.h */,
				1D3623250D0F684500981E51 /* AppDelegate.m */,
			);
			name = Classes;
			path = "fluzfluz/Classes";
			sourceTree = SOURCE_ROOT;
		};
		19C28FACFE9D520D11CA2CBB /* Products */ = {
			isa = PBXGroup;
			children = (
				1D6058910D05DD3D006BFB54 /* fluzfluz.app */,
			);
			name = Products;
			sourceTree = "<group>";
		};
		29B97314FDCFA39411CA2CEA /* CustomTemplate */ = {
			isa = PBXGroup;
			children = (
				EB87FDF41871DAF40020F90C /* config.xml */,
				EB87FDF31871DA8E0020F90C /* www */,
				EB87FDF11871DA420020F90C /* Staging */,
				301BF52D109A57CC0062928A /* CordovaLib.xcodeproj */,
				080E96DDFE201D6D7F000001 /* Classes */,
				307C750510C5A3420062BCA9 /* Plugins */,
				29B97315FDCFA39411CA2CEA /* Other Sources */,
				29B97317FDCFA39411CA2CEA /* Resources */,
				29B97323FDCFA39411CA2CEA /* Frameworks */,
				19C28FACFE9D520D11CA2CBB /* Products */,
			);
			name = CustomTemplate;
			sourceTree = "<group>";
		};
		29B97315FDCFA39411CA2CEA /* Other Sources */ = {
			isa = PBXGroup;
			children = (
				32CA4F630368D1EE00C91783 /* fluzfluz-Prefix.pch */,
				29B97316FDCFA39411CA2CEA /* main.m */,
				ED33DF2A687741AEAF9F8254 /* Bridging-Header.h */,
			);
			name = "Other Sources";
			path = "fluzfluz";
			sourceTree = "<group>";
		};
		29B97317FDCFA39411CA2CEA /* Resources */ = {
			isa = PBXGroup;
			children = (
				0207DA571B56EA530066E2B4 /* Images.xcassets */,
				3047A50E1AB8057F00498E2A /* config */,
				8D1107310486CEB800E47090 /* fluzfluz-Info.plist */,
				6AFF5BF81D6E424B00AB3073 /* CDVLaunchScreen.storyboard */,
				51A796E6A2C548A598CA87AF /* GoogleMaps.bundle */,
			);
			name = Resources;
			path = "fluzfluz/Resources";
			sourceTree = "<group>";
		};
		29B97323FDCFA39411CA2CEA /* Frameworks */ = {
			isa = PBXGroup;
			children = (
				83867F4F48BF4B97B06C8730 /* SafariServices.framework */,
				EC5EC7B29AF04F29AB7328B4 /* CoreTelephony.framework */,
				A4F50C6E50834F129636FF7D /* Accelerate.framework */,
				5C40CE1A0A5B453ABC81D43A /* CoreData.framework */,
				58D3A28090154F37B1CD72FC /* CoreLocation.framework */,
				57DAF4A0CDA441B084EB3F01 /* CoreText.framework */,
				FE41BEFA337D431182180ABD /* GLKit.framework */,
				7EC78321767742D5A6A7B8C2 /* ImageIO.framework */,
				47D1D38BB0824B9294A8D83F /* libc++.dylib */,
				FE08ABF4503C4104BC031E8E /* libz.dylib */,
				B12D7328394E4563A37AF3AD /* OpenGLES.framework */,
				8388B62C0E714AF29A68152F /* QuartzCore.framework */,
				0E341E4315BA470A98D75965 /* SystemConfiguration.framework */,
				259D5B16ED494DAD87C6ACA7 /* UIKit.framework */,
				2ED44613D05246ACA9D689B0 /* GoogleMapsBase.framework */,
				0E9AFA5930BD41EDB6FF34E7 /* GoogleMaps.framework */,
				D3523DED9E874D73888AAA63 /* GoogleMapsCore.framework */,
			);
			name = Frameworks;
			sourceTree = "<group>";
		};
		301BF52E109A57CC0062928A /* Products */ = {
			isa = PBXGroup;
			children = (
				301BF535109A57CC0062928A /* libCordova.a */,
			);
			name = Products;
			sourceTree = "<group>";
		};
		3047A50E1AB8057F00498E2A /* config */ = {
			isa = PBXGroup;
			children = (
				3047A50F1AB8059700498E2A /* build-debug.xcconfig */,
				3047A5101AB8059700498E2A /* build-release.xcconfig */,
				3047A5111AB8059700498E2A /* build.xcconfig */,
			);
			name = config;
			sourceTree = "<group>";
		};
		307C750510C5A3420062BCA9 /* Plugins */ = {
			isa = PBXGroup;
			children = (
				5ABCC7787A264F30A52E8C02 /* CDVDevice.m */,
				F9782AE32697491B8E4BC861 /* CDVDevice.h */,
				FBB4F523FA9D4B08B18CA44E /* CDVInAppBrowser.m */,
				8FBD31DF42414CAB98551DFA /* CDVInAppBrowser.h */,
				8D53DC909A55437E8D091399 /* CDVSplashScreen.m */,
				43EAD207177147028FC64221 /* CDVViewController+SplashScreen.m */,
				1C57C7D7AB364EB7B1639865 /* CDVSplashScreen.h */,
				7E15DAF879FA4282A38D40D1 /* CDVViewController+SplashScreen.h */,
				54493636815941ABAEBA1B6B /* CDVStatusBar.m */,
				76B6902FED514F658F4ABD0B /* CDVStatusBar.h */,
				84067753A8F74BCC98233120 /* SQLitePlugin.m */,
				0AE202D8E9324921B0B370C0 /* sqlite3.c */,
				FE20FCE17B93400E95CE3001 /* SQLitePlugin.h */,
				3F6D8D97973A460E8DE03B8D /* sqlite3.h */,
				5E102DF4DED34822878C58C7 /* IonicKeyboard.m */,
				FE2E8D667A754FFC8961431B /* IonicKeyboard.h */,
				5FA70C5C1CD340D486493524 /* CBTBrowserTab.m */,
				E1ABB8965EAE4A8FA143D748 /* CBTBrowserTab.h */,
				F52AD3BA25064146A32F86F9 /* CDVConnection.m */,
				CA9D331D85C0434E882A7ACE /* CDVReachability.m */,
				29EC1DF85374402582F88877 /* CDVConnection.h */,
				84ED21E6DBED499F9BA47E97 /* CDVReachability.h */,
				03F034245B0C42DAA86E1021 /* CDVClipboard.m */,
				0516B8E8402649AE94BFB9DE /* CDVClipboard.h */,
				31E671CF90834967A773796E /* CDVLocation.m */,
				07AB5AB44E57416A95B3EE7B /* CDVLocation.h */,
				163317F47EC5410B885613BD /* Circle.m */,
				D1FB8A89B16547CCA9B32060 /* External.m */,
				121433B8D2E640DA9564D226 /* Geocoder.m */,
				5F9E54D463354031BE133F9A /* GoogleMaps.m */,
				A408655706D644AFB6138891 /* GoogleMapsViewController.m */,
				C7F1D31C4A164388BB28E399 /* GroundOverlay.m */,
				FD8D22E7BE43407CBF0006E9 /* KmlOverlay.m */,
				2CBA13B312F64E93901989C7 /* Map.m */,
				FE6A02B8E7594CC3BA7021EC /* Marker.m */,
				39F5AC12FD444F6A9216EE05 /* PluginUtil.m */,
				BC11D212123247F88FEFC17E /* Polygon.m */,
				5B88688E82364E4496E272F8 /* Polyline.m */,
				6D3B894B8613448E82FC20EB /* TBXML.m */,
				97BDDDD65D60454CB6F26E50 /* TileOverlay.m */,
				195706FF703448FA80E83C1D /* NSData+Base64.m */,
				29419135A12B4088A1B7D507 /* GMSCoordinateBounds+Geometry.m */,
				A30960CF14A74A0893996A97 /* MyPluginLayer.m */,
				A590022777FD4FB6A2A72F51 /* MyReachability.m */,
				D068C77D8FB7422BA8F268EB /* MyPluginLayerDebugView.m */,
				24E47A51E25E48A6A4048BEC /* MyPluginScrollView.m */,
				8BE61EE83EE64014B0F44E30 /* Circle.h */,
				BCDD14C31B414D5B90CC29C7 /* External.h */,
				917B2643EC564A428744BB58 /* Geocoder.h */,
				3B2C8C1796A04840B32268DC /* GoogleMaps.h */,
				FE30BC142A03461F9CAD0504 /* GoogleMapsViewController.h */,
				BCA32B38906D46A0A763A24A /* GroundOverlay.h */,
				190DB4DC93E44FCEA805B505 /* KmlOverlay.h */,
				8167047AE5F34DA6A210C45D /* Map.h */,
				19230A3D52554D3BABE5D488 /* Marker.h */,
				788C0CDDADEC483E80FD1D04 /* MyPlgunProtocol.h */,
				D5489C64DF79467E92CA35D9 /* PluginUtil.h */,
				A495602A4981480B9719927E /* Polygon.h */,
				1F88DE73928C4E8983A1EB61 /* Polyline.h */,
				E054DCE80D7B4DD9B14B4C01 /* TBXML.h */,
				8573FBAFD72440FFA7F58015 /* TileOverlay.h */,
				051AE7D606FC49FE89C771A1 /* NSData+Base64.h */,
				A962F83C11924332A5E183C2 /* NSData+Base64.podspec */,
				957DBE71222C4E75B0A12015 /* GMSCoordinateBounds+Geometry.h */,
				70C6B2DD86AC469D8C04AA51 /* MyPluginLayer.h */,
				8FCC8C20F17A48FFB35F93B1 /* MyReachability.h */,
				644B29EC24BA4531B96F4919 /* MyPluginLayerDebugView.h */,
				104B86244C9B445AB30D406F /* MyPluginScrollView.h */,
			);
			name = Plugins;
			path = "fluzfluz/Plugins";
			sourceTree = SOURCE_ROOT;
		};
		EB87FDF11871DA420020F90C /* Staging */ = {
			isa = PBXGroup;
			children = (
				F840E1F0165FE0F500CFE078 /* config.xml */,
				301BF56E109A69640062928A /* www */,
			);
			name = Staging;
			sourceTree = "<group>";
		};
/* End PBXGroup section */

/* Begin PBXNativeTarget section */
		1D6058900D05DD3D006BFB54 /* fluzfluz */ = {
			isa = PBXNativeTarget;
			buildConfigurationList = 1D6058960D05DD3E006BFB54 /* Build configuration list for PBXNativeTarget "fluzfluz" */;
			buildPhases = (
				304B58A110DAC018002A0835 /* Copy www directory */,
				1D60588D0D05DD3D006BFB54 /* Resources */,
				1D60588E0D05DD3D006BFB54 /* Sources */,
				1D60588F0D05DD3D006BFB54 /* Frameworks */,
			);
			buildRules = (
			);
			dependencies = (
				301BF551109A68C00062928A /* PBXTargetDependency */,
			);
			name = "fluzfluz";
			productName = "fluzfluz";
			productReference = 1D6058910D05DD3D006BFB54 /* fluzfluz.app */;
			productType = "com.apple.product-type.application";
		};
/* End PBXNativeTarget section */

/* Begin PBXProject section */
		29B97313FDCFA39411CA2CEA /* Project object */ = {
			isa = PBXProject;
			attributes = {
				LastUpgradeCheck = 510;
			};
			buildConfigurationList = C01FCF4E08A954540054247B /* Build configuration list for PBXProject "__NON-CLI__" */;
			compatibilityVersion = "Xcode 3.2";
			developmentRegion = English;
			hasScannedForEncodings = 1;
			mainGroup = 29B97314FDCFA39411CA2CEA /* CustomTemplate */;
			projectDirPath = "";
			projectReferences = (
				{
					ProductGroup = 301BF52E109A57CC0062928A /* Products */;
					ProjectRef = 301BF52D109A57CC0062928A /* CordovaLib.xcodeproj */;
				},
			);
			projectRoot = "";
			targets = (
				1D6058900D05DD3D006BFB54 /* fluzfluz */,
			);
		};
/* End PBXProject section */

/* Begin PBXReferenceProxy section */
		301BF535109A57CC0062928A /* libCordova.a */ = {
			isa = PBXReferenceProxy;
			fileType = archive.ar;
			path = libCordova.a;
			remoteRef = 301BF534109A57CC0062928A /* PBXContainerItemProxy */;
			sourceTree = BUILT_PRODUCTS_DIR;
		};
/* End PBXReferenceProxy section */

/* Begin PBXResourcesBuildPhase section */
		1D60588D0D05DD3D006BFB54 /* Resources */ = {
			isa = PBXResourcesBuildPhase;
			buildActionMask = 2147483647;
			files = (
				302D95F214D2391D003F00A1 /* MainViewController.xib in Resources */,
				0207DA581B56EA530066E2B4 /* Images.xcassets in Resources */,
				6AFF5BF91D6E424B00AB3073 /* CDVLaunchScreen.storyboard in Resources */,
				71E5BC191BDA4D40BE1C5753 /* GoogleMaps.bundle in Resources */,
			);
			runOnlyForDeploymentPostprocessing = 0;
		};
/* End PBXResourcesBuildPhase section */

/* Begin PBXShellScriptBuildPhase section */
		304B58A110DAC018002A0835 /* Copy www directory */ = {
			isa = PBXShellScriptBuildPhase;
			buildActionMask = 2147483647;
			files = (
			);
			inputPaths = (
			);
			name = "Copy www directory";
			outputPaths = (
			);
			runOnlyForDeploymentPostprocessing = 0;
			shellPath = /bin/sh;
			shellScript = "NODEJS_PATH=/usr/local/bin; NVM_NODE_PATH=~/.nvm/versions/node/`nvm version 2>/dev/null`/bin; N_NODE_PATH=`find /usr/local/n/versions/node/* -maxdepth 0 -type d 2>/dev/null | tail -1`/bin; XCODE_NODE_PATH=`xcode-select --print-path`/usr/share/xcs/Node/bin; PATH=$NODEJS_PATH:$NVM_NODE_PATH:$N_NODE_PATH:$XCODE_NODE_PATH:$PATH && node cordova/lib/copy-www-build-step.js";
			showEnvVarsInLog = 0;
		};
/* End PBXShellScriptBuildPhase section */

/* Begin PBXSourcesBuildPhase section */
		1D60588E0D05DD3D006BFB54 /* Sources */ = {
			isa = PBXSourcesBuildPhase;
			buildActionMask = 2147483647;
			files = (
				1D60589B0D05DD56006BFB54 /* main.m in Sources */,
				1D3623260D0F684500981E51 /* AppDelegate.m in Sources */,
				302D95F114D2391D003F00A1 /* MainViewController.m in Sources */,
				74C03472C5314F89B3CF83A7 /* CDVDevice.m in Sources */,
				A6472539CA694E50BC663387 /* CDVInAppBrowser.m in Sources */,
				72A2E4ED16794F099AD90CE4 /* CDVSplashScreen.m in Sources */,
				CF09A7FD98C64E769136AEE9 /* CDVViewController+SplashScreen.m in Sources */,
				7921BEA242F44A5D820C3B10 /* CDVStatusBar.m in Sources */,
				08D3FA4DCE3D4546AC1B831F /* SQLitePlugin.m in Sources */,
				61DBCD7210774259B28572BB /* sqlite3.c in Resources */,
				D3C0A63951654B8890FDE3B8 /* IonicKeyboard.m in Sources */,
				740EDF508AEF4DCD8242A2DD /* CBTBrowserTab.m in Sources */,
				BAB828DFFB3041089A6F88C6 /* CDVConnection.m in Sources */,
				E674E68DD33E4171988801AF /* CDVReachability.m in Sources */,
				FC5968981D9B4C9FA13F8D00 /* CDVClipboard.m in Sources */,
				2F660742C901469FA995944E /* CDVLocation.m in Sources */,
				8A0CB5C6EB164A4BA598F951 /* Circle.m in Sources */,
				81972B194F2F4230AFEABE4F /* External.m in Sources */,
				8A58F6A25C154B72A248207E /* Geocoder.m in Sources */,
				314182E1D608400B89F6C819 /* GoogleMaps.m in Sources */,
				53B49BAF47254F5EA0FCB206 /* GoogleMapsViewController.m in Sources */,
				E1017396C8374C27B2A8DE5A /* GroundOverlay.m in Sources */,
				C64475C0660042F190472A3F /* KmlOverlay.m in Sources */,
				CFC63E512E284A57B2579C63 /* Map.m in Sources */,
				8A28032AE34E4468936591E8 /* Marker.m in Sources */,
				89B0913AA00C4BCA97B9FD77 /* PluginUtil.m in Sources */,
				6E74A04D7F684AF0BDC77BEC /* Polygon.m in Sources */,
				EBF1AF5A5A92486897715F5F /* Polyline.m in Sources */,
				131E9489F09C4B068C1AA553 /* TBXML.m in Sources */,
				DF95562CFD49499F86146EE2 /* TileOverlay.m in Sources */,
				E4B058F39BE34D32ADE6EC13 /* NSData+Base64.m in Sources */,
				A7457B2466C84DC7B41B9A06 /* GMSCoordinateBounds+Geometry.m in Sources */,
				3D8AC45A5D1A43B3BE8EE5C6 /* MyPluginLayer.m in Sources */,
				EC05DB1709724ADF863EE394 /* MyReachability.m in Sources */,
				48AA723BA84B416C8D85DD50 /* MyPluginLayerDebugView.m in Sources */,
				1073092E68CA4E40BC14E916 /* MyPluginScrollView.m in Sources */,
			);
			runOnlyForDeploymentPostprocessing = 0;
		};
/* End PBXSourcesBuildPhase section */

/* Begin PBXTargetDependency section */
		301BF551109A68C00062928A /* PBXTargetDependency */ = {
			isa = PBXTargetDependency;
			name = CordovaLib;
			targetProxy = 301BF550109A68C00062928A /* PBXContainerItemProxy */;
		};
/* End PBXTargetDependency section */

/* Begin XCBuildConfiguration section */
		1D6058940D05DD3E006BFB54 /* Debug */ = {
			isa = XCBuildConfiguration;
			baseConfigurationReference = 3047A50F1AB8059700498E2A /* build-debug.xcconfig */;
			buildSettings = {
				ALWAYS_SEARCH_USER_PATHS = NO;
				ASSETCATALOG_COMPILER_APPICON_NAME = AppIcon;
				ASSETCATALOG_COMPILER_LAUNCHIMAGE_NAME = LaunchImage;
				CLANG_ENABLE_MODULES = YES;
				CLANG_ENABLE_OBJC_ARC = YES;
				COPY_PHASE_STRIP = NO;
				GCC_DYNAMIC_NO_PIC = NO;
				GCC_OPTIMIZATION_LEVEL = 0;
				GCC_PRECOMPILE_PREFIX_HEADER = YES;
				GCC_PREFIX_HEADER = "fluzfluz/fluzfluz-Prefix.pch";
				GCC_THUMB_SUPPORT = NO;
				GCC_VERSION = "";
				INFOPLIST_FILE = "fluzfluz/fluzfluz-Info.plist";
				IPHONEOS_DEPLOYMENT_TARGET = 8.0;
				LD_RUNPATH_SEARCH_PATHS = "@executable_path/Frameworks";
				TARGETED_DEVICE_FAMILY = "1,2";
				PRODUCT_NAME = "fluzfluz";
				FRAMEWORK_SEARCH_PATHS = (
					"$(inherited)",
					"\"fluzfluz/Plugins/com.googlemaps.ios\"",
					"\"fluzfluz/Plugins/com.googlemaps.ios\"",
					"\"fluzfluz/Plugins/com.googlemaps.ios\"",
					"\"fluzfluz/Plugins/com.googlemaps.ios\"",
					"\"fluzfluz/Plugins/com.googlemaps.ios\"",
					"\"fluzfluz/Plugins/com.googlemaps.ios\"",
				);
			};
			name = Debug;
		};
		1D6058950D05DD3E006BFB54 /* Release */ = {
			isa = XCBuildConfiguration;
			baseConfigurationReference = 3047A5101AB8059700498E2A /* build-release.xcconfig */;
			buildSettings = {
				ALWAYS_SEARCH_USER_PATHS = NO;
				ASSETCATALOG_COMPILER_APPICON_NAME = AppIcon;
				ASSETCATALOG_COMPILER_LAUNCHIMAGE_NAME = LaunchImage;
				CLANG_ENABLE_MODULES = YES;
				CLANG_ENABLE_OBJC_ARC = YES;
				COPY_PHASE_STRIP = YES;
				GCC_PRECOMPILE_PREFIX_HEADER = YES;
				GCC_PREFIX_HEADER = "fluzfluz/fluzfluz-Prefix.pch";
				GCC_THUMB_SUPPORT = NO;
				GCC_VERSION = "";
				INFOPLIST_FILE = "fluzfluz/fluzfluz-Info.plist";
				IPHONEOS_DEPLOYMENT_TARGET = 8.0;
				LD_RUNPATH_SEARCH_PATHS = "@executable_path/Frameworks";
				TARGETED_DEVICE_FAMILY = "1,2";
				PRODUCT_NAME = "fluzfluz";
				FRAMEWORK_SEARCH_PATHS = (
					"$(inherited)",
					"\"fluzfluz/Plugins/com.googlemaps.ios\"",
					"\"fluzfluz/Plugins/com.googlemaps.ios\"",
					"\"fluzfluz/Plugins/com.googlemaps.ios\"",
					"\"fluzfluz/Plugins/com.googlemaps.ios\"",
					"\"fluzfluz/Plugins/com.googlemaps.ios\"",
					"\"fluzfluz/Plugins/com.googlemaps.ios\"",
				);
			};
			name = Release;
		};
		C01FCF4F08A954540054247B /* Debug */ = {
			isa = XCBuildConfiguration;
			baseConfigurationReference = 3047A5111AB8059700498E2A /* build.xcconfig */;
			buildSettings = {
				CLANG_ENABLE_MODULES = YES;
				CLANG_ENABLE_OBJC_ARC = YES;
				CLANG_WARN_BOOL_CONVERSION = YES;
				CLANG_WARN_CONSTANT_CONVERSION = YES;
				CLANG_WARN_EMPTY_BODY = YES;
				CLANG_WARN_ENUM_CONVERSION = YES;
				CLANG_WARN_INT_CONVERSION = YES;
				CLANG_WARN__DUPLICATE_METHOD_MATCH = YES;
				GCC_C_LANGUAGE_STANDARD = c99;
				GCC_THUMB_SUPPORT = NO;
				GCC_VERSION = "";
				GCC_WARN_ABOUT_RETURN_TYPE = YES;
				GCC_WARN_UNDECLARED_SELECTOR = YES;
				GCC_WARN_UNINITIALIZED_AUTOS = YES;
				GCC_WARN_UNUSED_FUNCTION = YES;
				GCC_WARN_UNUSED_VARIABLE = YES;
				ONLY_ACTIVE_ARCH = YES;
				SDKROOT = iphoneos;
				SKIP_INSTALL = NO;
				ASSETCATALOG_COMPILER_LAUNCHIMAGE_NAME = LaunchImage;
			};
			name = Debug;
		};
		C01FCF5008A954540054247B /* Release */ = {
			isa = XCBuildConfiguration;
			baseConfigurationReference = 3047A5111AB8059700498E2A /* build.xcconfig */;
			buildSettings = {
				CLANG_ENABLE_MODULES = YES;
				CLANG_ENABLE_OBJC_ARC = YES;
				CLANG_WARN_BOOL_CONVERSION = YES;
				CLANG_WARN_CONSTANT_CONVERSION = YES;
				CLANG_WARN_EMPTY_BODY = YES;
				CLANG_WARN_ENUM_CONVERSION = YES;
				CLANG_WARN_INT_CONVERSION = YES;
				CLANG_WARN__DUPLICATE_METHOD_MATCH = YES;
				GCC_C_LANGUAGE_STANDARD = c99;
				GCC_THUMB_SUPPORT = NO;
				GCC_VERSION = "";
				GCC_WARN_ABOUT_RETURN_TYPE = YES;
				GCC_WARN_UNDECLARED_SELECTOR = YES;
				GCC_WARN_UNINITIALIZED_AUTOS = YES;
				GCC_WARN_UNUSED_FUNCTION = YES;
				GCC_WARN_UNUSED_VARIABLE = YES;
				SDKROOT = iphoneos;
				SKIP_INSTALL = NO;
				ASSETCATALOG_COMPILER_LAUNCHIMAGE_NAME = LaunchImage;
			};
			name = Release;
		};
/* End XCBuildConfiguration section */

/* Begin XCConfigurationList section */
		1D6058960D05DD3E006BFB54 /* Build configuration list for PBXNativeTarget "fluzfluz" */ = {
			isa = XCConfigurationList;
			buildConfigurations = (
				1D6058940D05DD3E006BFB54 /* Debug */,
				1D6058950D05DD3E006BFB54 /* Release */,
			);
			defaultConfigurationIsVisible = 0;
			defaultConfigurationName = Release;
		};
		C01FCF4E08A954540054247B /* Build configuration list for PBXProject "__NON-CLI__" */ = {
			isa = XCConfigurationList;
			buildConfigurations = (
				C01FCF4F08A954540054247B /* Debug */,
				C01FCF5008A954540054247B /* Release */,
			);
			defaultConfigurationIsVisible = 0;
			defaultConfigurationName = Release;
		};
/* End XCConfigurationList section */
	};
	rootObject = 29B97313FDCFA39411CA2CEA /* Project object */;
}
